
Microsoft Visual Studio Solution File, Format Version 12.00
# Visual Studio Version 16
VisualStudioVersion = 16.0.30717.126
MinimumVisualStudioVersion = 10.0.40219.1
Project("{FAE04EC0-301F-11D3-BF4B-00C04F79EFBC}") = "PollBall", "PollBall\PollBall.csproj", "{41057536-681E-4D1E-A2A4-2B870B080925}"
EndProject
Global
	GlobalSection(SolutionConfigurationPlatforms) = preSolution
		Debug|Any CPU = Debug|Any CPU
		Release|Any CPU = Release|Any CPU
	EndGlobalSection
	GlobalSection(ProjectConfigurationPlatforms) = postSolution
		{41057536-681E-4D1E-A2A4-2B870B080925}.Debug|Any CPU.ActiveCfg = Debug|Any CPU
		{41057536-681E-4D1E-A2A4-2B870B080925}.Debug|Any CPU.Build.0 = Debug|Any CPU
		{41057536-681E-4D1E-A2A4-2B870B080925}.Release|Any CPU.ActiveCfg = Release|Any CPU
		{41057536-681E-4D1E-A2A4-2B870B080925}.Release|Any CPU.Build.0 = Release|Any CPU
	EndGlobalSection
	GlobalSection(SolutionProperties) = preSolution
		HideSolutionNode = FALSE
	EndGlobalSection
	GlobalSection(ExtensibilityGlobals) = postSolution
		SolutionGuid = {B32B1324-F168-4C91-878C-5180807F51D9}
	EndGlobalSection
EndGlobal
